{
  "name": "keystone",
  "version": "4.0.0-beta.5",
  "lockfileVersion": 1,
  "requires": true,
  "dependencies": {
    "@coolaj86/urequest": {
      "version": "1.3.6",
      "resolved": "https://registry.npmjs.org/@coolaj86/urequest/-/urequest-1.3.6.tgz",
      "integrity": "sha512-9rBXLFSb5D19opGeXdD/WuiFJsA4Pk2r8VUGEAeUZUxB1a2zB47K85BKAx3Gy9i4nZwg22ejlJA+q9DVrpQlbA=="
    },
    "acme": {
      "version": "1.2.0",
      "resolved": "https://registry.npmjs.org/acme/-/acme-1.2.0.tgz",
      "integrity": "sha512-lG9Wq0Ol2OLpVrusq5OQ+KCT06rXaGjbHcDhKtNO6Hr3J3swISaCYi0slwLpEA9DGV+QhDkAnZ6qsXAo86SM5Q==",
      "requires": {
        "acme-v2": "^1.3.1"
      }
    },
    "acme-v2": {
      "version": "1.5.1",
      "resolved": "https://registry.npmjs.org/acme-v2/-/acme-v2-1.5.1.tgz",
      "integrity": "sha512-NKZF7XQsl1NOxu3f555UB/ysovUGCD8YvHM8gm9J1VXaHHnYYbjX0pNFO/b1DjoL4pwIKKsuV8WgkEguzsRlCA==",
      "requires": {
        "@coolaj86/urequest": "^1.3.6",
        "rsa-compat": "^1.9.2"
      }
    },
    "bindings": {
      "version": "1.3.1",
      "resolved": "https://registry.npmjs.org/bindings/-/bindings-1.3.1.tgz",
      "integrity": "sha512-i47mqjF9UbjxJhxGf+pZ6kSxrnI3wBLlnGI2ArWJ4r0VrvDS7ZYXkprq/pLaBWYq4GM0r4zdHY+NNRqEMU7uew==",
      "optional": true
    },
    "bluebird": {
      "version": "3.5.3",
      "resolved": "https://registry.npmjs.org/bluebird/-/bluebird-3.5.3.tgz",
      "integrity": "sha512-/qKPUQlaW1OyR51WeCPBvRnAlnZFUJkCSG5HzGnuIqhgyJtF+T94lFnn33eiazjRm2LAHVy2guNnaq48X9SJuw=="
    },
    "cert-info": {
      "version": "1.5.0",
      "resolved": "https://registry.npmjs.org/cert-info/-/cert-info-1.5.0.tgz",
      "integrity": "sha512-3fE0DDJJ7FWwMsUqLqBd+FY5LQACK24R1p129BTCYMEe00Nql2Q9Dkr6TEBlZ8XJnNaSbjzf3qBLjLrD8KLutw=="
    },
    "escape-html": {
      "version": "1.0.3",
      "resolved": "https://registry.npmjs.org/escape-html/-/escape-html-1.0.3.tgz",
      "integrity": "sha1-Aljq5NPQwJdN4cFpGI7wBR0dGYg="
    },
    "greenlock": {
      "version": "2.6.7",
      "resolved": "https://registry.npmjs.org/greenlock/-/greenlock-2.6.7.tgz",
      "integrity": "sha512-cN8PU0tbpTyd0JiNhP78n6ZUYWhQs9fh4cuLjusKt0TjX0limP/u26wYGNK1cbgb9NsOeiox/wRhpGPh6EBocg==",
      "requires": {
        "acme": "^1.2.0",
        "acme-v2": "^1.5.0",
        "cert-info": "^1.5.0",
        "le-challenge-fs": "^2.0.2",
        "le-sni-auto": "^2.1.3",
        "le-store-certbot": "^2.1.7",
        "rsa-compat": "^1.9.2"
      }
    },
    "greenlock-express": {
      "version": "2.6.7",
      "resolved": "https://registry.npmjs.org/greenlock-express/-/greenlock-express-2.6.7.tgz",
      "integrity": "sha512-awt+z/gSSLYGCSHjRFuHh3yFQDtIoQCT1k9eE5q8wQfMSy34BwDcCj2P39aLPTNtAVY1tbIJI+Fpg6+jes/f/A==",
      "requires": {
        "greenlock": "^2.6.7",
        "le-challenge-fs": "^2.0.8",
        "le-sni-auto": "^2.1.4",
        "le-store-certbot": "^2.1.0",
        "redirect-https": "^1.1.5"
      }
    },
    "le-challenge-fs": {
      "version": "2.0.8",
      "resolved": "https://registry.npmjs.org/le-challenge-fs/-/le-challenge-fs-2.0.8.tgz",
      "integrity": "sha1-ttRYo38JfoffPYtf9nATc3q51aI=",
      "requires": {
        "mkdirp": "^0.5.1"
      }
    },
    "le-sni-auto": {
      "version": "2.1.6",
      "resolved": "https://registry.npmjs.org/le-sni-auto/-/le-sni-auto-2.1.6.tgz",
      "integrity": "sha512-LcfkF2yQ1nrep+ZfyG+SfR3pHphKFD3zMZ9FKervGfTfvgScCv/XGbX+vxsGZEKZjvzxKbFZ/5LdSCXuLXUU6A==",
      "requires": {
        "bluebird": "^3.5.1"
      }
    },
    "le-store-certbot": {
      "version": "2.2.1",
      "resolved": "https://registry.npmjs.org/le-store-certbot/-/le-store-certbot-2.2.1.tgz",
      "integrity": "sha512-BhljZjTULhbNBAT6RBiv4TeZegFraMxURYEvh3WRUI048zmXf4ZfC8gwbdu5fnD2tTCsS9fbsCOAQyrFBl4jlA==",
      "requires": {
        "mkdirp": "^0.5.1",
        "pyconf": "^1.1.5",
        "safe-replace": "^1.0.3"
      }
    },
    "minimist": {
      "version": "0.0.8",
      "resolved": "https://registry.npmjs.org/minimist/-/minimist-0.0.8.tgz",
      "integrity": "sha1-hX/Kv8M5fSYluCKCYuhqp6ARsF0="
    },
    "mkdirp": {
      "version": "0.5.1",
      "resolved": "https://registry.npmjs.org/mkdirp/-/mkdirp-0.5.1.tgz",
      "integrity": "sha1-MAV0OOrGz3+MR2fzhkjWaX11yQM=",
      "requires": {
        "minimist": "0.0.8"
      }
    },
    "nan": {
      "version": "2.12.1",
      "resolved": "https://registry.npmjs.org/nan/-/nan-2.12.1.tgz",
      "integrity": "sha512-JY7V6lRkStKcKTvHO5NVSQRv+RV+FIL5pvDoLiAtSL9pKlC5x9PKQcZDsq7m4FO4d57mkhC6Z+QhAh3Jdk5JFw==",
      "optional": true
    },
    "node-forge": {
      "version": "0.7.6",
      "resolved": "https://registry.npmjs.org/node-forge/-/node-forge-0.7.6.tgz",
      "integrity": "sha512-sol30LUpz1jQFBjOKwbjxijiE3b6pjd74YwfD0fJOKPjF+fONKb2Yg8rYgS6+bK6VDl+/wfr4IYpC7jDzLUIfw==",
      "optional": true
    },
    "pyconf": {
      "version": "1.1.6",
      "resolved": "https://registry.npmjs.org/pyconf/-/pyconf-1.1.6.tgz",
      "integrity": "sha512-4ujjwqch6nViWduSLc3/QFrDdJJAvAE7NRBarSGLANwh0tNW0MbXeJE8ZziJZvzRnUEN5scYwsS+ItYU1uj6dQ==",
      "requires": {
        "safe-replace": "^1.0.2"
      }
    },
    "redirect-https": {
      "version": "1.3.0",
      "resolved": "https://registry.npmjs.org/redirect-https/-/redirect-https-1.3.0.tgz",
      "integrity": "sha512-9GzwI/+Cqw3jlSg0CW6TgBQbhiVhkHSDvW8wjgRQ9IK34wtxS71YJiQeazSCSEqbvowHCJuQZgmQFl1xUHKEgg==",
      "requires": {
        "escape-html": "^1.0.3"
      }
    },
    "rsa-compat": {
      "version": "1.9.2",
      "resolved": "https://registry.npmjs.org/rsa-compat/-/rsa-compat-1.9.2.tgz",
      "integrity": "sha512-XY4I/74W+QENMd99zVsyHQcxYxWTXd0EihVXsI4oeb1bz7DYxEKasQrjyzYPnR1tZT7fTPu5HP/vTKfs9lzdGA==",
      "requires": {
        "node-forge": "^0.7.6",
        "ursa-optional": "^0.9.10"
      }
    },
    "safe-replace": {
      "version": "1.1.0",
      "resolved": "https://registry.npmjs.org/safe-replace/-/safe-replace-1.1.0.tgz",
      "integrity": "sha512-9/V2E0CDsKs9DWOOwJH7jYpSl9S3N05uyevNjvsnDauBqRowBPOyot1fIvV5N2IuZAbYyvrTXrYFVG0RZInfFw=="
    },
    "ursa-optional": {
      "version": "0.9.10",
      "resolved": "https://registry.npmjs.org/ursa-optional/-/ursa-optional-0.9.10.tgz",
      "integrity": "sha512-RvEbhnxlggX4MXon7KQulTFiJQtLJZpSb9ZSa7ZTkOW0AzqiVTaLjI4vxaSzJBDH9dwZ3ltZadFiBaZslp6haA==",
      "optional": true,
      "requires": {
        "bindings": "^1.3.0",
        "nan": "^2.11.1"
      }
    }
  }
}
